
Microsoft Visual Studio Solution File, Format Version 12.00
# Visual Studio Version 16
VisualStudioVersion = 16.0.29123.88
MinimumVisualStudioVersion = 15.0.26124.0
Project("{9A19103F-16F7-4668-BE54-9A1E7A4F7556}") = "Zippy1981.Lucene.Context", "Zippy1981.Lucene.Context\Zippy1981.Lucene.Context.csproj", "{3282E1B4-3C5B-4F3B-956B-54902070C46F}"
EndProject
Project("{9A19103F-16F7-4668-BE54-9A1E7A4F7556}") = "Zippy1981.Lucene.Context.Tests", "Zippy1981.Lucene.Context.Tests\Zippy1981.Lucene.Context.Tests.csproj", "{84E993E0-6144-4702-B926-BA073571B851}"
EndProject
Global
	GlobalSection(SolutionConfigurationPlatforms) = preSolution
		Debug|Any CPU = Debug|Any CPU
		Debug|x64 = Debug|x64
		Debug|x86 = Debug|x86
		Release|Any CPU = Release|Any CPU
		Release|x64 = Release|x64
		Release|x86 = Release|x86
	EndGlobalSection
	GlobalSection(ProjectConfigurationPlatforms) = postSolution
		{3282E1B4-3C5B-4F3B-956B-54902070C46F}.Debug|Any CPU.ActiveCfg = Debug|Any CPU
		{3282E1B4-3C5B-4F3B-956B-54902070C46F}.Debug|Any CPU.Build.0 = Debug|Any CPU
		{3282E1B4-3C5B-4F3B-956B-54902070C46F}.Debug|x64.ActiveCfg = Debug|Any CPU
		{3282E1B4-3C5B-4F3B-956B-54902070C46F}.Debug|x64.Build.0 = Debug|Any CPU
		{3282E1B4-3C5B-4F3B-956B-54902070C46F}.Debug|x86.ActiveCfg = Debug|Any CPU
		{3282E1B4-3C5B-4F3B-956B-54902070C46F}.Debug|x86.Build.0 = Debug|Any CPU
		{3282E1B4-3C5B-4F3B-956B-54902070C46F}.Release|Any CPU.ActiveCfg = Release|Any CPU
		{3282E1B4-3C5B-4F3B-956B-54902070C46F}.Release|Any CPU.Build.0 = Release|Any CPU
		{3282E1B4-3C5B-4F3B-956B-54902070C46F}.Release|x64.ActiveCfg = Release|Any CPU
		{3282E1B4-3C5B-4F3B-956B-54902070C46F}.Release|x64.Build.0 = Release|Any CPU
		{3282E1B4-3C5B-4F3B-956B-54902070C46F}.Release|x86.ActiveCfg = Release|Any CPU
		{3282E1B4-3C5B-4F3B-956B-54902070C46F}.Release|x86.Build.0 = Release|Any CPU
		{84E993E0-6144-4702-B926-BA073571B851}.Debug|Any CPU.ActiveCfg = Debug|Any CPU
		{84E993E0-6144-4702-B926-BA073571B851}.Debug|Any CPU.Build.0 = Debug|Any CPU
		{84E993E0-6144-4702-B926-BA073571B851}.Debug|x64.ActiveCfg = Debug|Any CPU
		{84E993E0-6144-4702-B926-BA073571B851}.Debug|x64.Build.0 = Debug|Any CPU
		{84E993E0-6144-4702-B926-BA073571B851}.Debug|x86.ActiveCfg = Debug|Any CPU
		{84E993E0-6144-4702-B926-BA073571B851}.Debug|x86.Build.0 = Debug|Any CPU
		{84E993E0-6144-4702-B926-BA073571B851}.Release|Any CPU.ActiveCfg = Release|Any CPU
		{84E993E0-6144-4702-B926-BA073571B851}.Release|Any CPU.Build.0 = Release|Any CPU
		{84E993E0-6144-4702-B926-BA073571B851}.Release|x64.ActiveCfg = Release|Any CPU
		{84E993E0-6144-4702-B926-BA073571B851}.Release|x64.Build.0 = Release|Any CPU
		{84E993E0-6144-4702-B926-BA073571B851}.Release|x86.ActiveCfg = Release|Any CPU
		{84E993E0-6144-4702-B926-BA073571B851}.Release|x86.Build.0 = Release|Any CPU
	EndGlobalSection
	GlobalSection(SolutionProperties) = preSolution
		HideSolutionNode = FALSE
	EndGlobalSection
	GlobalSection(ExtensibilityGlobals) = postSolution
		SolutionGuid = {EB7EA0FF-1183-4F76-861C-010608EC6F5F}
	EndGlobalSection
EndGlobal
